
Microsoft Visual Studio Solution File, Format Version 12.00
# Visual Studio 15
VisualStudioVersion = 15.0.27130.2020
MinimumVisualStudioVersion = 10.0.40219.1
Project("{FAE04EC0-301F-11D3-BF4B-00C04F79EFBC}") = "Maker.Hevadea", "Maker.Hevadea\Maker.Hevadea.csproj", "{76037D71-10CA-4C2E-A64E-563B595CA88F}"
EndProject
Project("{FAE04EC0-301F-11D3-BF4B-00C04F79EFBC}") = "Maker.Rise", "Maker.Rise\Maker.Rise.csproj", "{8A64DF5F-5501-44E9-8254-8EF37FE51F36}"
EndProject
Project("{FAE04EC0-301F-11D3-BF4B-00C04F79EFBC}") = "Maker.Utils", "Maker.Utils\Maker.Utils.csproj", "{BEEC4BE8-4E61-45C0-8586-65DC1DA244E4}"
EndProject
Project("{FAE04EC0-301F-11D3-BF4B-00C04F79EFBC}") = "Maker.Rise.Inspector", "Maker.Rise.Inspector\Maker.Rise.Inspector.csproj", "{BE166A39-96C1-442C-9B85-49A22D40AE80}"
EndProject
Project("{2150E333-8FDC-42A3-9474-1A3956D46DE8}") = "Framework", "Framework", "{F11E204A-0C25-4348-A54C-288813B44535}"
EndProject
Global
	GlobalSection(SolutionConfigurationPlatforms) = preSolution
		Debug|Any CPU = Debug|Any CPU
		Release|Any CPU = Release|Any CPU
	EndGlobalSection
	GlobalSection(ProjectConfigurationPlatforms) = postSolution
		{76037D71-10CA-4C2E-A64E-563B595CA88F}.Debug|Any CPU.ActiveCfg = Debug|Any CPU
		{76037D71-10CA-4C2E-A64E-563B595CA88F}.Debug|Any CPU.Build.0 = Debug|Any CPU
		{76037D71-10CA-4C2E-A64E-563B595CA88F}.Release|Any CPU.ActiveCfg = Release|Any CPU
		{76037D71-10CA-4C2E-A64E-563B595CA88F}.Release|Any CPU.Build.0 = Release|Any CPU
		{8A64DF5F-5501-44E9-8254-8EF37FE51F36}.Debug|Any CPU.ActiveCfg = Debug|Any CPU
		{8A64DF5F-5501-44E9-8254-8EF37FE51F36}.Debug|Any CPU.Build.0 = Debug|Any CPU
		{8A64DF5F-5501-44E9-8254-8EF37FE51F36}.Release|Any CPU.ActiveCfg = Release|Any CPU
		{8A64DF5F-5501-44E9-8254-8EF37FE51F36}.Release|Any CPU.Build.0 = Release|Any CPU
		{BEEC4BE8-4E61-45C0-8586-65DC1DA244E4}.Debug|Any CPU.ActiveCfg = Debug|Any CPU
		{BEEC4BE8-4E61-45C0-8586-65DC1DA244E4}.Debug|Any CPU.Build.0 = Debug|Any CPU
		{BEEC4BE8-4E61-45C0-8586-65DC1DA244E4}.Release|Any CPU.ActiveCfg = Release|Any CPU
		{BEEC4BE8-4E61-45C0-8586-65DC1DA244E4}.Release|Any CPU.Build.0 = Release|Any CPU
		{BE166A39-96C1-442C-9B85-49A22D40AE80}.Debug|Any CPU.ActiveCfg = Debug|Any CPU
		{BE166A39-96C1-442C-9B85-49A22D40AE80}.Debug|Any CPU.Build.0 = Debug|Any CPU
		{BE166A39-96C1-442C-9B85-49A22D40AE80}.Release|Any CPU.ActiveCfg = Release|Any CPU
		{BE166A39-96C1-442C-9B85-49A22D40AE80}.Release|Any CPU.Build.0 = Release|Any CPU
	EndGlobalSection
	GlobalSection(SolutionProperties) = preSolution
		HideSolutionNode = FALSE
	EndGlobalSection
	GlobalSection(ExtensibilityGlobals) = postSolution
		SolutionGuid = {6B701A65-9C79-434A-BE23-58E6C3096259}
	EndGlobalSection
	GlobalSection(NestedProjects) = preSolution
		{8A64DF5F-5501-44E9-8254-8EF37FE51F36} = {F11E204A-0C25-4348-A54C-288813B44535}
		{BE166A39-96C1-442C-9B85-49A22D40AE80} = {F11E204A-0C25-4348-A54C-288813B44535}
		{BEEC4BE8-4E61-45C0-8586-65DC1DA244E4} = {F11E204A-0C25-4348-A54C-288813B44535}
	EndGlobalSection
EndGlobal
