
Microsoft Visual Studio Solution File, Format Version 12.00
# Visual Studio 15
VisualStudioVersion = 15.0.26430.16
MinimumVisualStudioVersion = 10.0.40219.1
Project("{FAE04EC0-301F-11D3-BF4B-00C04F79EFBC}") = "WorldOfImagination", "WorldOfImagination\WorldOfImagination.csproj", "{76037D71-10CA-4C2E-A64E-563B595CA88F}"
EndProject
Project("{FAE04EC0-301F-11D3-BF4B-00C04F79EFBC}") = "Maker.Rise.Graphic.Path", "Maker.Rise.Graphic.Path\Maker.Rise.Graphic.Path.csproj", "{6B97B73F-24AA-4E4E-BDF0-11E35DC82C46}"
EndProject
Project("{FAE04EC0-301F-11D3-BF4B-00C04F79EFBC}") = "Maker.Rise.Logic.Scripting.Runtime", "Maker.Rise.Logic.Scripting.Runtime\Maker.Rise.Logic.Scripting.Runtime.csproj", "{FA3FFC61-4E10-420E-85A9-D7F3C1B703C1}"
EndProject
Project("{FAE04EC0-301F-11D3-BF4B-00C04F79EFBC}") = "Maker.Rise.Logic.Scripting.Compiler", "Maker.Rise.Logic.Scripting.Compiler\Maker.Rise.Logic.Scripting.Compiler.csproj", "{8ACD237E-1F00-47BB-B047-8E6A35493312}"
EndProject
Project("{FAE04EC0-301F-11D3-BF4B-00C04F79EFBC}") = "Maker.Rise.Storage.Json", "Maker.Rise.Storage.Json\Maker.Rise.Storage.Json.csproj", "{B82FC963-721E-415F-8878-01B4682D8B6D}"
EndProject
Project("{FAE04EC0-301F-11D3-BF4B-00C04F79EFBC}") = "Maker.Rise.Net", "Maker.Rise.Net\Maker.Rise.Net.csproj", "{E705ED59-C04C-4AA8-B49E-86B3217AB809}"
EndProject
Project("{2150E333-8FDC-42A3-9474-1A3956D46DE8}") = "Engine", "Engine", "{0E4856D9-9025-41A9-A12A-ACAD4F5EC7EF}"
EndProject
Project("{2150E333-8FDC-42A3-9474-1A3956D46DE8}") = "Game", "Game", "{AF807974-480A-4166-AE79-46F538D5AD73}"
EndProject
Project("{FAE04EC0-301F-11D3-BF4B-00C04F79EFBC}") = "Maker.Rise", "Maker.Rise\Maker.Rise.csproj", "{8A64DF5F-5501-44E9-8254-8EF37FE51F36}"
EndProject
Global
	GlobalSection(SolutionConfigurationPlatforms) = preSolution
		Debug|Any CPU = Debug|Any CPU
		Release|Any CPU = Release|Any CPU
	EndGlobalSection
	GlobalSection(ProjectConfigurationPlatforms) = postSolution
		{76037D71-10CA-4C2E-A64E-563B595CA88F}.Debug|Any CPU.ActiveCfg = Debug|Any CPU
		{76037D71-10CA-4C2E-A64E-563B595CA88F}.Debug|Any CPU.Build.0 = Debug|Any CPU
		{76037D71-10CA-4C2E-A64E-563B595CA88F}.Release|Any CPU.ActiveCfg = Release|Any CPU
		{76037D71-10CA-4C2E-A64E-563B595CA88F}.Release|Any CPU.Build.0 = Release|Any CPU
		{6B97B73F-24AA-4E4E-BDF0-11E35DC82C46}.Debug|Any CPU.ActiveCfg = Debug|Any CPU
		{6B97B73F-24AA-4E4E-BDF0-11E35DC82C46}.Debug|Any CPU.Build.0 = Debug|Any CPU
		{6B97B73F-24AA-4E4E-BDF0-11E35DC82C46}.Release|Any CPU.ActiveCfg = Release|Any CPU
		{6B97B73F-24AA-4E4E-BDF0-11E35DC82C46}.Release|Any CPU.Build.0 = Release|Any CPU
		{FA3FFC61-4E10-420E-85A9-D7F3C1B703C1}.Debug|Any CPU.ActiveCfg = Debug|Any CPU
		{FA3FFC61-4E10-420E-85A9-D7F3C1B703C1}.Debug|Any CPU.Build.0 = Debug|Any CPU
		{FA3FFC61-4E10-420E-85A9-D7F3C1B703C1}.Release|Any CPU.ActiveCfg = Release|Any CPU
		{FA3FFC61-4E10-420E-85A9-D7F3C1B703C1}.Release|Any CPU.Build.0 = Release|Any CPU
		{8ACD237E-1F00-47BB-B047-8E6A35493312}.Debug|Any CPU.ActiveCfg = Debug|Any CPU
		{8ACD237E-1F00-47BB-B047-8E6A35493312}.Debug|Any CPU.Build.0 = Debug|Any CPU
		{8ACD237E-1F00-47BB-B047-8E6A35493312}.Release|Any CPU.ActiveCfg = Release|Any CPU
		{8ACD237E-1F00-47BB-B047-8E6A35493312}.Release|Any CPU.Build.0 = Release|Any CPU
		{B82FC963-721E-415F-8878-01B4682D8B6D}.Debug|Any CPU.ActiveCfg = Debug|Any CPU
		{B82FC963-721E-415F-8878-01B4682D8B6D}.Debug|Any CPU.Build.0 = Debug|Any CPU
		{B82FC963-721E-415F-8878-01B4682D8B6D}.Release|Any CPU.ActiveCfg = Release|Any CPU
		{B82FC963-721E-415F-8878-01B4682D8B6D}.Release|Any CPU.Build.0 = Release|Any CPU
		{E705ED59-C04C-4AA8-B49E-86B3217AB809}.Debug|Any CPU.ActiveCfg = Debug|Any CPU
		{E705ED59-C04C-4AA8-B49E-86B3217AB809}.Debug|Any CPU.Build.0 = Debug|Any CPU
		{E705ED59-C04C-4AA8-B49E-86B3217AB809}.Release|Any CPU.ActiveCfg = Release|Any CPU
		{E705ED59-C04C-4AA8-B49E-86B3217AB809}.Release|Any CPU.Build.0 = Release|Any CPU
		{8A64DF5F-5501-44E9-8254-8EF37FE51F36}.Debug|Any CPU.ActiveCfg = Debug|Any CPU
		{8A64DF5F-5501-44E9-8254-8EF37FE51F36}.Debug|Any CPU.Build.0 = Debug|Any CPU
		{8A64DF5F-5501-44E9-8254-8EF37FE51F36}.Release|Any CPU.ActiveCfg = Release|Any CPU
		{8A64DF5F-5501-44E9-8254-8EF37FE51F36}.Release|Any CPU.Build.0 = Release|Any CPU
	EndGlobalSection
	GlobalSection(SolutionProperties) = preSolution
		HideSolutionNode = FALSE
	EndGlobalSection
	GlobalSection(NestedProjects) = preSolution
		{76037D71-10CA-4C2E-A64E-563B595CA88F} = {AF807974-480A-4166-AE79-46F538D5AD73}
		{6B97B73F-24AA-4E4E-BDF0-11E35DC82C46} = {0E4856D9-9025-41A9-A12A-ACAD4F5EC7EF}
		{FA3FFC61-4E10-420E-85A9-D7F3C1B703C1} = {0E4856D9-9025-41A9-A12A-ACAD4F5EC7EF}
		{8ACD237E-1F00-47BB-B047-8E6A35493312} = {0E4856D9-9025-41A9-A12A-ACAD4F5EC7EF}
		{B82FC963-721E-415F-8878-01B4682D8B6D} = {0E4856D9-9025-41A9-A12A-ACAD4F5EC7EF}
		{E705ED59-C04C-4AA8-B49E-86B3217AB809} = {0E4856D9-9025-41A9-A12A-ACAD4F5EC7EF}
		{8A64DF5F-5501-44E9-8254-8EF37FE51F36} = {0E4856D9-9025-41A9-A12A-ACAD4F5EC7EF}
	EndGlobalSection
EndGlobal
