
Microsoft Visual Studio Solution File, Format Version 12.00
# Visual Studio 15
VisualStudioVersion = 15.0.26430.16
MinimumVisualStudioVersion = 10.0.40219.1
Project("{FAE04EC0-301F-11D3-BF4B-00C04F79EFBC}") = "WorldOfImagination", "WorldOfImagination\WorldOfImagination.csproj", "{76037D71-10CA-4C2E-A64E-563B595CA88F}"
EndProject
Project("{FAE04EC0-301F-11D3-BF4B-00C04F79EFBC}") = "WorldOfImagination.Scripting", "WorldOfImagination.Scripting\WorldOfImagination.Scripting.csproj", "{3D173296-A75A-44EB-A041-50F10B3998BB}"
EndProject
Project("{FAE04EC0-301F-11D3-BF4B-00C04F79EFBC}") = "WorldOfImagination.Scripting.Exemple", "WorldOfImagination.Scripting.Exemple\WorldOfImagination.Scripting.Exemple.csproj", "{EB498744-E117-4F8B-A73D-184CCA9B4FC3}"
EndProject
Project("{FAE04EC0-301F-11D3-BF4B-00C04F79EFBC}") = "WorldOfImagination.Json", "WorldOfImagination.Json\WorldOfImagination.Json.csproj", "{14238B3F-E459-4AD9-A533-213B8C160BBC}"
EndProject
Project("{FAE04EC0-301F-11D3-BF4B-00C04F79EFBC}") = "WorldOfImagination.Networking", "WorldOfImagination.Networking\WorldOfImagination.Networking.csproj", "{8FF14BC2-595E-404C-ACF7-F6A53B9D4EE9}"
EndProject
Global
	GlobalSection(SolutionConfigurationPlatforms) = preSolution
		Debug|Any CPU = Debug|Any CPU
		Release|Any CPU = Release|Any CPU
	EndGlobalSection
	GlobalSection(ProjectConfigurationPlatforms) = postSolution
		{76037D71-10CA-4C2E-A64E-563B595CA88F}.Debug|Any CPU.ActiveCfg = Debug|Any CPU
		{76037D71-10CA-4C2E-A64E-563B595CA88F}.Debug|Any CPU.Build.0 = Debug|Any CPU
		{76037D71-10CA-4C2E-A64E-563B595CA88F}.Release|Any CPU.ActiveCfg = Release|Any CPU
		{76037D71-10CA-4C2E-A64E-563B595CA88F}.Release|Any CPU.Build.0 = Release|Any CPU
		{3D173296-A75A-44EB-A041-50F10B3998BB}.Debug|Any CPU.ActiveCfg = Debug|Any CPU
		{3D173296-A75A-44EB-A041-50F10B3998BB}.Debug|Any CPU.Build.0 = Debug|Any CPU
		{3D173296-A75A-44EB-A041-50F10B3998BB}.Release|Any CPU.ActiveCfg = Release|Any CPU
		{3D173296-A75A-44EB-A041-50F10B3998BB}.Release|Any CPU.Build.0 = Release|Any CPU
		{EB498744-E117-4F8B-A73D-184CCA9B4FC3}.Debug|Any CPU.ActiveCfg = Debug|Any CPU
		{EB498744-E117-4F8B-A73D-184CCA9B4FC3}.Debug|Any CPU.Build.0 = Debug|Any CPU
		{EB498744-E117-4F8B-A73D-184CCA9B4FC3}.Release|Any CPU.ActiveCfg = Release|Any CPU
		{EB498744-E117-4F8B-A73D-184CCA9B4FC3}.Release|Any CPU.Build.0 = Release|Any CPU
		{14238B3F-E459-4AD9-A533-213B8C160BBC}.Debug|Any CPU.ActiveCfg = Debug|Any CPU
		{14238B3F-E459-4AD9-A533-213B8C160BBC}.Debug|Any CPU.Build.0 = Debug|Any CPU
		{14238B3F-E459-4AD9-A533-213B8C160BBC}.Release|Any CPU.ActiveCfg = Release|Any CPU
		{14238B3F-E459-4AD9-A533-213B8C160BBC}.Release|Any CPU.Build.0 = Release|Any CPU
		{8FF14BC2-595E-404C-ACF7-F6A53B9D4EE9}.Debug|Any CPU.ActiveCfg = Debug|Any CPU
		{8FF14BC2-595E-404C-ACF7-F6A53B9D4EE9}.Debug|Any CPU.Build.0 = Debug|Any CPU
		{8FF14BC2-595E-404C-ACF7-F6A53B9D4EE9}.Release|Any CPU.ActiveCfg = Release|Any CPU
		{8FF14BC2-595E-404C-ACF7-F6A53B9D4EE9}.Release|Any CPU.Build.0 = Release|Any CPU
	EndGlobalSection
	GlobalSection(SolutionProperties) = preSolution
		HideSolutionNode = FALSE
	EndGlobalSection
EndGlobal
