
Microsoft Visual Studio Solution File, Format Version 12.00
# Visual Studio Version 16
VisualStudioVersion = 16.0.29102.190
MinimumVisualStudioVersion = 10.0.40219.1
Project("{FAE04EC0-301F-11D3-BF4B-00C04F79EFBC}") = "Hevadea.Game", "Hevadea.Game\Hevadea.Game.csproj", "{76037D71-10CA-4C2E-A64E-563B595CA88F}"
EndProject
Project("{FAE04EC0-301F-11D3-BF4B-00C04F79EFBC}") = "Hevadea.Framework", "Hevadea.Framework\Hevadea.Framework.csproj", "{44B79EAF-5584-4176-97AD-5BC358A52AE3}"
EndProject
Project("{FAE04EC0-301F-11D3-BF4B-00C04F79EFBC}") = "Hevadea.Launcher", "Hevadea.Launcher\Hevadea.Launcher.csproj", "{AE5F2E46-EB53-4DD4-BBA1-3CB94223C267}"
EndProject
Project("{FAE04EC0-301F-11D3-BF4B-00C04F79EFBC}") = "Hevadea.Assets", "Hevadea.Assets\Hevadea.Assets.csproj", "{ED6C09C0-DE9E-473F-ACD3-A9F44DE67B29}"
EndProject
Project("{FAE04EC0-301F-11D3-BF4B-00C04F79EFBC}") = "Hevadea.Data", "Hevadea.Data\Hevadea.Data.csproj", "{96B175FE-BD07-4D1A-B6A4-93138E1DBC2F}"
EndProject
Global
	GlobalSection(SolutionConfigurationPlatforms) = preSolution
		Debug|Any CPU = Debug|Any CPU
		Debug|ARM = Debug|ARM
		Debug|x64 = Debug|x64
		Debug|x86 = Debug|x86
		Release|Any CPU = Release|Any CPU
		Release|ARM = Release|ARM
		Release|x64 = Release|x64
		Release|x86 = Release|x86
	EndGlobalSection
	GlobalSection(ProjectConfigurationPlatforms) = postSolution
		{76037D71-10CA-4C2E-A64E-563B595CA88F}.Debug|Any CPU.ActiveCfg = Debug|Any CPU
		{76037D71-10CA-4C2E-A64E-563B595CA88F}.Debug|Any CPU.Build.0 = Debug|Any CPU
		{76037D71-10CA-4C2E-A64E-563B595CA88F}.Debug|ARM.ActiveCfg = Debug|Any CPU
		{76037D71-10CA-4C2E-A64E-563B595CA88F}.Debug|ARM.Build.0 = Debug|Any CPU
		{76037D71-10CA-4C2E-A64E-563B595CA88F}.Debug|x64.ActiveCfg = Debug|Any CPU
		{76037D71-10CA-4C2E-A64E-563B595CA88F}.Debug|x64.Build.0 = Debug|Any CPU
		{76037D71-10CA-4C2E-A64E-563B595CA88F}.Debug|x86.ActiveCfg = Debug|Any CPU
		{76037D71-10CA-4C2E-A64E-563B595CA88F}.Debug|x86.Build.0 = Debug|Any CPU
		{76037D71-10CA-4C2E-A64E-563B595CA88F}.Release|Any CPU.ActiveCfg = Debug|Any CPU
		{76037D71-10CA-4C2E-A64E-563B595CA88F}.Release|Any CPU.Build.0 = Debug|Any CPU
		{76037D71-10CA-4C2E-A64E-563B595CA88F}.Release|ARM.ActiveCfg = Release|Any CPU
		{76037D71-10CA-4C2E-A64E-563B595CA88F}.Release|ARM.Build.0 = Release|Any CPU
		{76037D71-10CA-4C2E-A64E-563B595CA88F}.Release|x64.ActiveCfg = Release|Any CPU
		{76037D71-10CA-4C2E-A64E-563B595CA88F}.Release|x64.Build.0 = Release|Any CPU
		{76037D71-10CA-4C2E-A64E-563B595CA88F}.Release|x86.ActiveCfg = Release|Any CPU
		{76037D71-10CA-4C2E-A64E-563B595CA88F}.Release|x86.Build.0 = Release|Any CPU
		{44B79EAF-5584-4176-97AD-5BC358A52AE3}.Debug|Any CPU.ActiveCfg = Debug|Any CPU
		{44B79EAF-5584-4176-97AD-5BC358A52AE3}.Debug|Any CPU.Build.0 = Debug|Any CPU
		{44B79EAF-5584-4176-97AD-5BC358A52AE3}.Debug|ARM.ActiveCfg = Debug|Any CPU
		{44B79EAF-5584-4176-97AD-5BC358A52AE3}.Debug|ARM.Build.0 = Debug|Any CPU
		{44B79EAF-5584-4176-97AD-5BC358A52AE3}.Debug|x64.ActiveCfg = Debug|Any CPU
		{44B79EAF-5584-4176-97AD-5BC358A52AE3}.Debug|x64.Build.0 = Debug|Any CPU
		{44B79EAF-5584-4176-97AD-5BC358A52AE3}.Debug|x86.ActiveCfg = Debug|Any CPU
		{44B79EAF-5584-4176-97AD-5BC358A52AE3}.Debug|x86.Build.0 = Debug|Any CPU
		{44B79EAF-5584-4176-97AD-5BC358A52AE3}.Release|Any CPU.ActiveCfg = Release|Any CPU
		{44B79EAF-5584-4176-97AD-5BC358A52AE3}.Release|Any CPU.Build.0 = Release|Any CPU
		{44B79EAF-5584-4176-97AD-5BC358A52AE3}.Release|ARM.ActiveCfg = Release|Any CPU
		{44B79EAF-5584-4176-97AD-5BC358A52AE3}.Release|ARM.Build.0 = Release|Any CPU
		{44B79EAF-5584-4176-97AD-5BC358A52AE3}.Release|x64.ActiveCfg = Release|Any CPU
		{44B79EAF-5584-4176-97AD-5BC358A52AE3}.Release|x64.Build.0 = Release|Any CPU
		{44B79EAF-5584-4176-97AD-5BC358A52AE3}.Release|x86.ActiveCfg = Release|Any CPU
		{44B79EAF-5584-4176-97AD-5BC358A52AE3}.Release|x86.Build.0 = Release|Any CPU
		{AE5F2E46-EB53-4DD4-BBA1-3CB94223C267}.Debug|Any CPU.ActiveCfg = Debug|Any CPU
		{AE5F2E46-EB53-4DD4-BBA1-3CB94223C267}.Debug|Any CPU.Build.0 = Debug|Any CPU
		{AE5F2E46-EB53-4DD4-BBA1-3CB94223C267}.Debug|ARM.ActiveCfg = Debug|Any CPU
		{AE5F2E46-EB53-4DD4-BBA1-3CB94223C267}.Debug|ARM.Build.0 = Debug|Any CPU
		{AE5F2E46-EB53-4DD4-BBA1-3CB94223C267}.Debug|x64.ActiveCfg = Debug|Any CPU
		{AE5F2E46-EB53-4DD4-BBA1-3CB94223C267}.Debug|x64.Build.0 = Debug|Any CPU
		{AE5F2E46-EB53-4DD4-BBA1-3CB94223C267}.Debug|x86.ActiveCfg = Debug|Any CPU
		{AE5F2E46-EB53-4DD4-BBA1-3CB94223C267}.Debug|x86.Build.0 = Debug|Any CPU
		{AE5F2E46-EB53-4DD4-BBA1-3CB94223C267}.Release|Any CPU.ActiveCfg = Release|Any CPU
		{AE5F2E46-EB53-4DD4-BBA1-3CB94223C267}.Release|Any CPU.Build.0 = Release|Any CPU
		{AE5F2E46-EB53-4DD4-BBA1-3CB94223C267}.Release|ARM.ActiveCfg = Release|Any CPU
		{AE5F2E46-EB53-4DD4-BBA1-3CB94223C267}.Release|ARM.Build.0 = Release|Any CPU
		{AE5F2E46-EB53-4DD4-BBA1-3CB94223C267}.Release|x64.ActiveCfg = Release|Any CPU
		{AE5F2E46-EB53-4DD4-BBA1-3CB94223C267}.Release|x64.Build.0 = Release|Any CPU
		{AE5F2E46-EB53-4DD4-BBA1-3CB94223C267}.Release|x86.ActiveCfg = Release|Any CPU
		{AE5F2E46-EB53-4DD4-BBA1-3CB94223C267}.Release|x86.Build.0 = Release|Any CPU
		{ED6C09C0-DE9E-473F-ACD3-A9F44DE67B29}.Debug|Any CPU.ActiveCfg = Debug|Any CPU
		{ED6C09C0-DE9E-473F-ACD3-A9F44DE67B29}.Debug|Any CPU.Build.0 = Debug|Any CPU
		{ED6C09C0-DE9E-473F-ACD3-A9F44DE67B29}.Debug|ARM.ActiveCfg = Debug|Any CPU
		{ED6C09C0-DE9E-473F-ACD3-A9F44DE67B29}.Debug|ARM.Build.0 = Debug|Any CPU
		{ED6C09C0-DE9E-473F-ACD3-A9F44DE67B29}.Debug|x64.ActiveCfg = Debug|Any CPU
		{ED6C09C0-DE9E-473F-ACD3-A9F44DE67B29}.Debug|x64.Build.0 = Debug|Any CPU
		{ED6C09C0-DE9E-473F-ACD3-A9F44DE67B29}.Debug|x86.ActiveCfg = Debug|Any CPU
		{ED6C09C0-DE9E-473F-ACD3-A9F44DE67B29}.Debug|x86.Build.0 = Debug|Any CPU
		{ED6C09C0-DE9E-473F-ACD3-A9F44DE67B29}.Release|Any CPU.ActiveCfg = Release|Any CPU
		{ED6C09C0-DE9E-473F-ACD3-A9F44DE67B29}.Release|Any CPU.Build.0 = Release|Any CPU
		{ED6C09C0-DE9E-473F-ACD3-A9F44DE67B29}.Release|ARM.ActiveCfg = Release|Any CPU
		{ED6C09C0-DE9E-473F-ACD3-A9F44DE67B29}.Release|ARM.Build.0 = Release|Any CPU
		{ED6C09C0-DE9E-473F-ACD3-A9F44DE67B29}.Release|x64.ActiveCfg = Release|Any CPU
		{ED6C09C0-DE9E-473F-ACD3-A9F44DE67B29}.Release|x64.Build.0 = Release|Any CPU
		{ED6C09C0-DE9E-473F-ACD3-A9F44DE67B29}.Release|x86.ActiveCfg = Release|Any CPU
		{ED6C09C0-DE9E-473F-ACD3-A9F44DE67B29}.Release|x86.Build.0 = Release|Any CPU
		{96B175FE-BD07-4D1A-B6A4-93138E1DBC2F}.Debug|Any CPU.ActiveCfg = Debug|Any CPU
		{96B175FE-BD07-4D1A-B6A4-93138E1DBC2F}.Debug|Any CPU.Build.0 = Debug|Any CPU
		{96B175FE-BD07-4D1A-B6A4-93138E1DBC2F}.Debug|ARM.ActiveCfg = Debug|Any CPU
		{96B175FE-BD07-4D1A-B6A4-93138E1DBC2F}.Debug|ARM.Build.0 = Debug|Any CPU
		{96B175FE-BD07-4D1A-B6A4-93138E1DBC2F}.Debug|x64.ActiveCfg = Debug|Any CPU
		{96B175FE-BD07-4D1A-B6A4-93138E1DBC2F}.Debug|x64.Build.0 = Debug|Any CPU
		{96B175FE-BD07-4D1A-B6A4-93138E1DBC2F}.Debug|x86.ActiveCfg = Debug|Any CPU
		{96B175FE-BD07-4D1A-B6A4-93138E1DBC2F}.Debug|x86.Build.0 = Debug|Any CPU
		{96B175FE-BD07-4D1A-B6A4-93138E1DBC2F}.Release|Any CPU.ActiveCfg = Release|Any CPU
		{96B175FE-BD07-4D1A-B6A4-93138E1DBC2F}.Release|Any CPU.Build.0 = Release|Any CPU
		{96B175FE-BD07-4D1A-B6A4-93138E1DBC2F}.Release|ARM.ActiveCfg = Release|Any CPU
		{96B175FE-BD07-4D1A-B6A4-93138E1DBC2F}.Release|ARM.Build.0 = Release|Any CPU
		{96B175FE-BD07-4D1A-B6A4-93138E1DBC2F}.Release|x64.ActiveCfg = Release|Any CPU
		{96B175FE-BD07-4D1A-B6A4-93138E1DBC2F}.Release|x64.Build.0 = Release|Any CPU
		{96B175FE-BD07-4D1A-B6A4-93138E1DBC2F}.Release|x86.ActiveCfg = Release|Any CPU
		{96B175FE-BD07-4D1A-B6A4-93138E1DBC2F}.Release|x86.Build.0 = Release|Any CPU
	EndGlobalSection
	GlobalSection(SolutionProperties) = preSolution
		HideSolutionNode = FALSE
	EndGlobalSection
	GlobalSection(ExtensibilityGlobals) = postSolution
		SolutionGuid = {6B701A65-9C79-434A-BE23-58E6C3096259}
	EndGlobalSection
	GlobalSection(MonoDevelopProperties) = preSolution
		Policies = $0
		$0.DotNetNamingPolicy = $1
		$1.DirectoryNamespaceAssociation = PrefixedHierarchical
	EndGlobalSection
EndGlobal
