
Microsoft Visual Studio Solution File, Format Version 12.00
# Visual Studio Version 16
VisualStudioVersion = 16.0.29102.190
MinimumVisualStudioVersion = 10.0.40219.1
Project("{FAE04EC0-301F-11D3-BF4B-00C04F79EFBC}") = "Hevadea.Game", "Hevadea\Hevadea.Game.csproj", "{76037D71-10CA-4C2E-A64E-563B595CA88F}"
EndProject
Project("{FAE04EC0-301F-11D3-BF4B-00C04F79EFBC}") = "Hevadea.Framework", "Hevadea.Framework\Hevadea.Framework.csproj", "{44B79EAF-5584-4176-97AD-5BC358A52AE3}"
EndProject
Project("{FAE04EC0-301F-11D3-BF4B-00C04F79EFBC}") = "Hevadea.Desktop", "Hevadea.Desktop\Hevadea.Desktop.csproj", "{AE5F2E46-EB53-4DD4-BBA1-3CB94223C267}"
EndProject
Project("{FAE04EC0-301F-11D3-BF4B-00C04F79EFBC}") = "TexPacker", "TexPacker\TexPacker.csproj", "{5B31B02A-6DBD-485C-BC9D-FCCA7E9875DD}"
EndProject
Global
	GlobalSection(SolutionConfigurationPlatforms) = preSolution
		Debug - Two Instance|Any CPU = Debug - Two Instance|Any CPU
		Debug - Two Instance|ARM = Debug - Two Instance|ARM
		Debug - Two Instance|x64 = Debug - Two Instance|x64
		Debug - Two Instance|x86 = Debug - Two Instance|x86
		Debug|Any CPU = Debug|Any CPU
		Debug|ARM = Debug|ARM
		Debug|x64 = Debug|x64
		Debug|x86 = Debug|x86
		Release|Any CPU = Release|Any CPU
		Release|ARM = Release|ARM
		Release|x64 = Release|x64
		Release|x86 = Release|x86
	EndGlobalSection
	GlobalSection(ProjectConfigurationPlatforms) = postSolution
		{76037D71-10CA-4C2E-A64E-563B595CA88F}.Debug - Two Instance|Any CPU.ActiveCfg = Debug|Any CPU
		{76037D71-10CA-4C2E-A64E-563B595CA88F}.Debug - Two Instance|Any CPU.Build.0 = Debug|Any CPU
		{76037D71-10CA-4C2E-A64E-563B595CA88F}.Debug - Two Instance|ARM.ActiveCfg = Debug|Any CPU
		{76037D71-10CA-4C2E-A64E-563B595CA88F}.Debug - Two Instance|ARM.Build.0 = Debug|Any CPU
		{76037D71-10CA-4C2E-A64E-563B595CA88F}.Debug - Two Instance|x64.ActiveCfg = Debug|Any CPU
		{76037D71-10CA-4C2E-A64E-563B595CA88F}.Debug - Two Instance|x64.Build.0 = Debug|Any CPU
		{76037D71-10CA-4C2E-A64E-563B595CA88F}.Debug - Two Instance|x86.ActiveCfg = Debug|Any CPU
		{76037D71-10CA-4C2E-A64E-563B595CA88F}.Debug - Two Instance|x86.Build.0 = Debug|Any CPU
		{76037D71-10CA-4C2E-A64E-563B595CA88F}.Debug|Any CPU.ActiveCfg = Debug|Any CPU
		{76037D71-10CA-4C2E-A64E-563B595CA88F}.Debug|Any CPU.Build.0 = Debug|Any CPU
		{76037D71-10CA-4C2E-A64E-563B595CA88F}.Debug|ARM.ActiveCfg = Debug|Any CPU
		{76037D71-10CA-4C2E-A64E-563B595CA88F}.Debug|ARM.Build.0 = Debug|Any CPU
		{76037D71-10CA-4C2E-A64E-563B595CA88F}.Debug|x64.ActiveCfg = Debug|Any CPU
		{76037D71-10CA-4C2E-A64E-563B595CA88F}.Debug|x64.Build.0 = Debug|Any CPU
		{76037D71-10CA-4C2E-A64E-563B595CA88F}.Debug|x86.ActiveCfg = Debug|Any CPU
		{76037D71-10CA-4C2E-A64E-563B595CA88F}.Debug|x86.Build.0 = Debug|Any CPU
		{76037D71-10CA-4C2E-A64E-563B595CA88F}.Release|Any CPU.ActiveCfg = Debug|Any CPU
		{76037D71-10CA-4C2E-A64E-563B595CA88F}.Release|Any CPU.Build.0 = Debug|Any CPU
		{76037D71-10CA-4C2E-A64E-563B595CA88F}.Release|ARM.ActiveCfg = Release|Any CPU
		{76037D71-10CA-4C2E-A64E-563B595CA88F}.Release|ARM.Build.0 = Release|Any CPU
		{76037D71-10CA-4C2E-A64E-563B595CA88F}.Release|x64.ActiveCfg = Release|Any CPU
		{76037D71-10CA-4C2E-A64E-563B595CA88F}.Release|x64.Build.0 = Release|Any CPU
		{76037D71-10CA-4C2E-A64E-563B595CA88F}.Release|x86.ActiveCfg = Release|Any CPU
		{76037D71-10CA-4C2E-A64E-563B595CA88F}.Release|x86.Build.0 = Release|Any CPU
		{44B79EAF-5584-4176-97AD-5BC358A52AE3}.Debug - Two Instance|Any CPU.ActiveCfg = Debug|Any CPU
		{44B79EAF-5584-4176-97AD-5BC358A52AE3}.Debug - Two Instance|Any CPU.Build.0 = Debug|Any CPU
		{44B79EAF-5584-4176-97AD-5BC358A52AE3}.Debug - Two Instance|ARM.ActiveCfg = Debug|Any CPU
		{44B79EAF-5584-4176-97AD-5BC358A52AE3}.Debug - Two Instance|ARM.Build.0 = Debug|Any CPU
		{44B79EAF-5584-4176-97AD-5BC358A52AE3}.Debug - Two Instance|x64.ActiveCfg = Debug|Any CPU
		{44B79EAF-5584-4176-97AD-5BC358A52AE3}.Debug - Two Instance|x64.Build.0 = Debug|Any CPU
		{44B79EAF-5584-4176-97AD-5BC358A52AE3}.Debug - Two Instance|x86.ActiveCfg = Debug|Any CPU
		{44B79EAF-5584-4176-97AD-5BC358A52AE3}.Debug - Two Instance|x86.Build.0 = Debug|Any CPU
		{44B79EAF-5584-4176-97AD-5BC358A52AE3}.Debug|Any CPU.ActiveCfg = Debug|Any CPU
		{44B79EAF-5584-4176-97AD-5BC358A52AE3}.Debug|Any CPU.Build.0 = Debug|Any CPU
		{44B79EAF-5584-4176-97AD-5BC358A52AE3}.Debug|ARM.ActiveCfg = Debug|Any CPU
		{44B79EAF-5584-4176-97AD-5BC358A52AE3}.Debug|ARM.Build.0 = Debug|Any CPU
		{44B79EAF-5584-4176-97AD-5BC358A52AE3}.Debug|x64.ActiveCfg = Debug|Any CPU
		{44B79EAF-5584-4176-97AD-5BC358A52AE3}.Debug|x64.Build.0 = Debug|Any CPU
		{44B79EAF-5584-4176-97AD-5BC358A52AE3}.Debug|x86.ActiveCfg = Debug|Any CPU
		{44B79EAF-5584-4176-97AD-5BC358A52AE3}.Debug|x86.Build.0 = Debug|Any CPU
		{44B79EAF-5584-4176-97AD-5BC358A52AE3}.Release|Any CPU.ActiveCfg = Release|Any CPU
		{44B79EAF-5584-4176-97AD-5BC358A52AE3}.Release|Any CPU.Build.0 = Release|Any CPU
		{44B79EAF-5584-4176-97AD-5BC358A52AE3}.Release|ARM.ActiveCfg = Release|Any CPU
		{44B79EAF-5584-4176-97AD-5BC358A52AE3}.Release|ARM.Build.0 = Release|Any CPU
		{44B79EAF-5584-4176-97AD-5BC358A52AE3}.Release|x64.ActiveCfg = Release|Any CPU
		{44B79EAF-5584-4176-97AD-5BC358A52AE3}.Release|x64.Build.0 = Release|Any CPU
		{44B79EAF-5584-4176-97AD-5BC358A52AE3}.Release|x86.ActiveCfg = Release|Any CPU
		{44B79EAF-5584-4176-97AD-5BC358A52AE3}.Release|x86.Build.0 = Release|Any CPU
		{AE5F2E46-EB53-4DD4-BBA1-3CB94223C267}.Debug - Two Instance|Any CPU.ActiveCfg = Debug - Two Instance|Any CPU
		{AE5F2E46-EB53-4DD4-BBA1-3CB94223C267}.Debug - Two Instance|Any CPU.Build.0 = Debug - Two Instance|Any CPU
		{AE5F2E46-EB53-4DD4-BBA1-3CB94223C267}.Debug - Two Instance|ARM.ActiveCfg = Debug - Two Instance|Any CPU
		{AE5F2E46-EB53-4DD4-BBA1-3CB94223C267}.Debug - Two Instance|ARM.Build.0 = Debug - Two Instance|Any CPU
		{AE5F2E46-EB53-4DD4-BBA1-3CB94223C267}.Debug - Two Instance|x64.ActiveCfg = Debug - Two Instance|Any CPU
		{AE5F2E46-EB53-4DD4-BBA1-3CB94223C267}.Debug - Two Instance|x64.Build.0 = Debug - Two Instance|Any CPU
		{AE5F2E46-EB53-4DD4-BBA1-3CB94223C267}.Debug - Two Instance|x86.ActiveCfg = Debug - Two Instance|Any CPU
		{AE5F2E46-EB53-4DD4-BBA1-3CB94223C267}.Debug - Two Instance|x86.Build.0 = Debug - Two Instance|Any CPU
		{AE5F2E46-EB53-4DD4-BBA1-3CB94223C267}.Debug|Any CPU.ActiveCfg = Debug|Any CPU
		{AE5F2E46-EB53-4DD4-BBA1-3CB94223C267}.Debug|Any CPU.Build.0 = Debug|Any CPU
		{AE5F2E46-EB53-4DD4-BBA1-3CB94223C267}.Debug|ARM.ActiveCfg = Debug|Any CPU
		{AE5F2E46-EB53-4DD4-BBA1-3CB94223C267}.Debug|ARM.Build.0 = Debug|Any CPU
		{AE5F2E46-EB53-4DD4-BBA1-3CB94223C267}.Debug|x64.ActiveCfg = Debug|Any CPU
		{AE5F2E46-EB53-4DD4-BBA1-3CB94223C267}.Debug|x64.Build.0 = Debug|Any CPU
		{AE5F2E46-EB53-4DD4-BBA1-3CB94223C267}.Debug|x86.ActiveCfg = Debug|Any CPU
		{AE5F2E46-EB53-4DD4-BBA1-3CB94223C267}.Debug|x86.Build.0 = Debug|Any CPU
		{AE5F2E46-EB53-4DD4-BBA1-3CB94223C267}.Release|Any CPU.ActiveCfg = Release|Any CPU
		{AE5F2E46-EB53-4DD4-BBA1-3CB94223C267}.Release|Any CPU.Build.0 = Release|Any CPU
		{AE5F2E46-EB53-4DD4-BBA1-3CB94223C267}.Release|ARM.ActiveCfg = Release|Any CPU
		{AE5F2E46-EB53-4DD4-BBA1-3CB94223C267}.Release|ARM.Build.0 = Release|Any CPU
		{AE5F2E46-EB53-4DD4-BBA1-3CB94223C267}.Release|x64.ActiveCfg = Release|Any CPU
		{AE5F2E46-EB53-4DD4-BBA1-3CB94223C267}.Release|x64.Build.0 = Release|Any CPU
		{AE5F2E46-EB53-4DD4-BBA1-3CB94223C267}.Release|x86.ActiveCfg = Release|Any CPU
		{AE5F2E46-EB53-4DD4-BBA1-3CB94223C267}.Release|x86.Build.0 = Release|Any CPU
		{5B31B02A-6DBD-485C-BC9D-FCCA7E9875DD}.Debug - Two Instance|Any CPU.ActiveCfg = Debug|Any CPU
		{5B31B02A-6DBD-485C-BC9D-FCCA7E9875DD}.Debug - Two Instance|Any CPU.Build.0 = Debug|Any CPU
		{5B31B02A-6DBD-485C-BC9D-FCCA7E9875DD}.Debug - Two Instance|ARM.ActiveCfg = Debug|Any CPU
		{5B31B02A-6DBD-485C-BC9D-FCCA7E9875DD}.Debug - Two Instance|ARM.Build.0 = Debug|Any CPU
		{5B31B02A-6DBD-485C-BC9D-FCCA7E9875DD}.Debug - Two Instance|x64.ActiveCfg = Debug|Any CPU
		{5B31B02A-6DBD-485C-BC9D-FCCA7E9875DD}.Debug - Two Instance|x64.Build.0 = Debug|Any CPU
		{5B31B02A-6DBD-485C-BC9D-FCCA7E9875DD}.Debug - Two Instance|x86.ActiveCfg = Debug|Any CPU
		{5B31B02A-6DBD-485C-BC9D-FCCA7E9875DD}.Debug - Two Instance|x86.Build.0 = Debug|Any CPU
		{5B31B02A-6DBD-485C-BC9D-FCCA7E9875DD}.Debug|Any CPU.ActiveCfg = Debug|Any CPU
		{5B31B02A-6DBD-485C-BC9D-FCCA7E9875DD}.Debug|Any CPU.Build.0 = Debug|Any CPU
		{5B31B02A-6DBD-485C-BC9D-FCCA7E9875DD}.Debug|ARM.ActiveCfg = Debug|Any CPU
		{5B31B02A-6DBD-485C-BC9D-FCCA7E9875DD}.Debug|ARM.Build.0 = Debug|Any CPU
		{5B31B02A-6DBD-485C-BC9D-FCCA7E9875DD}.Debug|x64.ActiveCfg = Debug|Any CPU
		{5B31B02A-6DBD-485C-BC9D-FCCA7E9875DD}.Debug|x64.Build.0 = Debug|Any CPU
		{5B31B02A-6DBD-485C-BC9D-FCCA7E9875DD}.Debug|x86.ActiveCfg = Debug|Any CPU
		{5B31B02A-6DBD-485C-BC9D-FCCA7E9875DD}.Debug|x86.Build.0 = Debug|Any CPU
		{5B31B02A-6DBD-485C-BC9D-FCCA7E9875DD}.Release|Any CPU.ActiveCfg = Release|Any CPU
		{5B31B02A-6DBD-485C-BC9D-FCCA7E9875DD}.Release|Any CPU.Build.0 = Release|Any CPU
		{5B31B02A-6DBD-485C-BC9D-FCCA7E9875DD}.Release|ARM.ActiveCfg = Release|Any CPU
		{5B31B02A-6DBD-485C-BC9D-FCCA7E9875DD}.Release|ARM.Build.0 = Release|Any CPU
		{5B31B02A-6DBD-485C-BC9D-FCCA7E9875DD}.Release|x64.ActiveCfg = Release|Any CPU
		{5B31B02A-6DBD-485C-BC9D-FCCA7E9875DD}.Release|x64.Build.0 = Release|Any CPU
		{5B31B02A-6DBD-485C-BC9D-FCCA7E9875DD}.Release|x86.ActiveCfg = Release|Any CPU
		{5B31B02A-6DBD-485C-BC9D-FCCA7E9875DD}.Release|x86.Build.0 = Release|Any CPU
	EndGlobalSection
	GlobalSection(SolutionProperties) = preSolution
		HideSolutionNode = FALSE
	EndGlobalSection
	GlobalSection(ExtensibilityGlobals) = postSolution
		SolutionGuid = {6B701A65-9C79-434A-BE23-58E6C3096259}
	EndGlobalSection
	GlobalSection(MonoDevelopProperties) = preSolution
		Policies = $0
		$0.DotNetNamingPolicy = $1
		$1.DirectoryNamespaceAssociation = PrefixedHierarchical
	EndGlobalSection
EndGlobal
